# THIS IS AN AUTOGENERATED FILE. DO NOT EDIT THIS FILE DIRECTLY.
# yarn lockfile v1


"@types/accepts@*":
  version "1.3.5"
  resolved "https://registry.yarnpkg.com/@types/accepts/-/accepts-1.3.5.tgz#c34bec115cfc746e04fe5a059df4ce7e7b391575"
  dependencies:
    "@types/node" "*"

"@types/body-parser@*":
  version "1.17.0"
  resolved "https://registry.yarnpkg.com/@types/body-parser/-/body-parser-1.17.0.tgz#9f5c9d9bd04bb54be32d5eb9fc0d8c974e6cf58c"
  dependencies:
    "@types/connect" "*"
    "@types/node" "*"

"@types/bunyan@*":
  version "1.8.4"
  resolved "https://registry.yarnpkg.com/@types/bunyan/-/bunyan-1.8.4.tgz#69c11adc7b50538d45fb68d9ae39d062b9432f38"
  dependencies:
    "@types/events" "*"
    "@types/node" "*"

"@types/connect@*", "@types/connect@^3.4.31":
  version "3.4.32"
  resolved "https://registry.yarnpkg.com/@types/connect/-/connect-3.4.32.tgz#aa0e9616b9435ccad02bc52b5b454ffc2c70ba28"
  dependencies:
    "@types/node" "*"

"@types/cookies@*":
  version "0.7.1"
  resolved "https://registry.yarnpkg.com/@types/cookies/-/cookies-0.7.1.tgz#f9f204bd6767d389eea3b87609e30c090c77a540"
  dependencies:
    "@types/connect" "*"
    "@types/express" "*"
    "@types/keygrip" "*"
    "@types/node" "*"

"@types/events@*":
  version "1.2.0"
  resolved "https://registry.yarnpkg.com/@types/events/-/events-1.2.0.tgz#81a6731ce4df43619e5c8c945383b3e62a89ea86"

"@types/express-serve-static-core@*":
  version "4.11.1"
  resolved "https://registry.yarnpkg.com/@types/express-serve-static-core/-/express-serve-static-core-4.11.1.tgz#f6f7212382d59b19d696677bcaa48a37280f5d45"
  dependencies:
    "@types/events" "*"
    "@types/node" "*"

"@types/express@*", "@types/express@^4.0.36":
  version "4.11.1"
  resolved "https://registry.yarnpkg.com/@types/express/-/express-4.11.1.tgz#f99663b3ab32d04cb11db612ef5dd7933f75465b"
  dependencies:
    "@types/body-parser" "*"
    "@types/express-serve-static-core" "*"
    "@types/serve-static" "*"

"@types/http-assert@*":
  version "1.3.0"
  resolved "https://registry.yarnpkg.com/@types/http-assert/-/http-assert-1.3.0.tgz#5e932606153da28e1d04f9043f4912cf61fd55dd"

"@types/keygrip@*":
  version "1.0.1"
  resolved "https://registry.yarnpkg.com/@types/keygrip/-/keygrip-1.0.1.tgz#ff540462d2fb4d0a88441ceaf27d287b01c3d878"

"@types/koa-bodyparser@^4.2.0":
  version "4.2.0"
  resolved "https://registry.yarnpkg.com/@types/koa-bodyparser/-/koa-bodyparser-4.2.0.tgz#04febc567f3d3dd40e3d1a0e095cdf7b07c4d7ce"
  dependencies:
    "@types/koa" "*"

"@types/koa-compose@*":
  version "3.2.2"
  resolved "https://registry.yarnpkg.com/@types/koa-compose/-/koa-compose-3.2.2.tgz#dc106e000bbf92a3ac900f756df47344887ee847"

"@types/koa-router@^7.0.27":
  version "7.0.28"
  resolved "https://registry.yarnpkg.com/@types/koa-router/-/koa-router-7.0.28.tgz#67487c862a831099aed8864a8996bfa7e989edc0"
  dependencies:
    "@types/koa" "*"

"@types/koa@*", "@types/koa@^2.0.39":
  version "2.0.45"
  resolved "https://registry.yarnpkg.com/@types/koa/-/koa-2.0.45.tgz#133cbda6cc8d12b73434b5d9663898c833f80aa2"
  dependencies:
    "@types/accepts" "*"
    "@types/cookies" "*"
    "@types/events" "*"
    "@types/http-assert" "*"
    "@types/keygrip" "*"
    "@types/koa-compose" "*"
    "@types/node" "*"

"@types/mime@*":
  version "2.0.0"
  resolved "https://registry.yarnpkg.com/@types/mime/-/mime-2.0.0.tgz#5a7306e367c539b9f6543499de8dd519fac37a8b"

"@types/node@*":
  version "10.1.2"
  resolved "https://registry.yarnpkg.com/@types/node/-/node-10.1.2.tgz#1b928a0baa408fc8ae3ac012cc81375addc147c6"

"@types/restify@^5.0.7":
  version "5.0.8"
  resolved "https://registry.yarnpkg.com/@types/restify/-/restify-5.0.8.tgz#6cfe3a6e4ad1a3b8fcd152cd5b2b7b6ee2282cb6"
  dependencies:
    "@types/bunyan" "*"
    "@types/node" "*"
    "@types/spdy" "*"

"@types/serve-static@*":
  version "1.13.2"
  resolved "https://registry.yarnpkg.com/@types/serve-static/-/serve-static-1.13.2.tgz#f5ac4d7a6420a99a6a45af4719f4dcd8cd907a48"
  dependencies:
    "@types/express-serve-static-core" "*"
    "@types/mime" "*"

"@types/spdy@*":
  version "3.4.4"
  resolved "https://registry.yarnpkg.com/@types/spdy/-/spdy-3.4.4.tgz#3282fd4ad8c4603aa49f7017dd520a08a345b2bc"
  dependencies:
    "@types/node" "*"

apollo-engine-binary-darwin@0.2018.4-86-gf35bdc892:
  version "0.2018.4-86-gf35bdc892"
  resolved "https://registry.yarnpkg.com/apollo-engine-binary-darwin/-/apollo-engine-binary-darwin-0.2018.4-86-gf35bdc892.tgz#f1e4ae4b72afdb298039d0230e38dab8774c8890"

apollo-engine-binary-linux@0.2018.4-86-gf35bdc892:
  version "0.2018.4-86-gf35bdc892"
  resolved "https://registry.yarnpkg.com/apollo-engine-binary-linux/-/apollo-engine-binary-linux-0.2018.4-86-gf35bdc892.tgz#bc63eee10cb5191d7eb5e61f01d50e28983c89d7"

apollo-engine-binary-windows@0.2018.4-86-gf35bdc892:
  version "0.2018.4-86-gf35bdc892"
  resolved "https://registry.yarnpkg.com/apollo-engine-binary-windows/-/apollo-engine-binary-windows-0.2018.4-86-gf35bdc892.tgz#1e02f8ceb9f75ab72551f584a4730260907ef199"

apollo-engine@^1.1.1:
  version "1.1.1"
  resolved "https://registry.yarnpkg.com/apollo-engine/-/apollo-engine-1.1.1.tgz#5e0ea8f1d6d23b5b931cee5404c472893045b201"
  dependencies:
    "@types/connect" "^3.4.31"
    "@types/express" "^4.0.36"
    "@types/koa" "^2.0.39"
    "@types/koa-bodyparser" "^4.2.0"
    "@types/koa-router" "^7.0.27"
    "@types/restify" "^5.0.7"
  optionalDependencies:
    apollo-engine-binary-darwin "0.2018.4-86-gf35bdc892"
    apollo-engine-binary-linux "0.2018.4-86-gf35bdc892"
    apollo-engine-binary-windows "0.2018.4-86-gf35bdc892"
